
Microsoft Visual Studio Solution File, Format Version 12.00
# Visual Studio 15
Project("{FAE04EC0-301F-11D3-BF4B-00C04F79EFBC}") = "Assembly-CSharp", "Assembly-CSharp.csproj", "{DBAB3FB9-BA4F-26B2-7EC9-30F1A4609317}"
EndProject
Global
	GlobalSection(SolutionConfigurationPlatforms) = preSolution
		Debug|Any CPU = Debug|Any CPU
		Release|Any CPU = Release|Any CPU
	EndGlobalSection
	GlobalSection(ProjectConfigurationPlatforms) = postSolution
		{DBAB3FB9-BA4F-26B2-7EC9-30F1A4609317}.Debug|Any CPU.ActiveCfg = Debug|Any CPU
		{DBAB3FB9-BA4F-26B2-7EC9-30F1A4609317}.Debug|Any CPU.Build.0 = Debug|Any CPU
		{DBAB3FB9-BA4F-26B2-7EC9-30F1A4609317}.Release|Any CPU.ActiveCfg = Release|Any CPU
		{DBAB3FB9-BA4F-26B2-7EC9-30F1A4609317}.Release|Any CPU.Build.0 = Release|Any CPU
	EndGlobalSection
	GlobalSection(SolutionProperties) = preSolution
		HideSolutionNode = FALSE
	EndGlobalSection
EndGlobal
